
Microsoft Visual Studio Solution File, Format Version 12.00
# Visual Studio Version 17
VisualStudioVersion = 17.5.002.0
MinimumVisualStudioVersion = 10.0.40219.1
Project("{9A19103F-16F7-4668-BE54-9A1E7A4F7556}") = "Backend", "Backend.csproj", "{C18DCAB9-4BAD-45FC-B912-52195F3466A4}"
EndProject
Global
	GlobalSection(SolutionConfigurationPlatforms) = preSolution
		Debug|Any CPU = Debug|Any CPU
		Release|Any CPU = Release|Any CPU
	EndGlobalSection
	GlobalSection(ProjectConfigurationPlatforms) = postSolution
		{C18DCAB9-4BAD-45FC-B912-52195F3466A4}.Debug|Any CPU.ActiveCfg = Debug|Any CPU
		{C18DCAB9-4BAD-45FC-B912-52195F3466A4}.Debug|Any CPU.Build.0 = Debug|Any CPU
		{C18DCAB9-4BAD-45FC-B912-52195F3466A4}.Release|Any CPU.ActiveCfg = Release|Any CPU
		{C18DCAB9-4BAD-45FC-B912-52195F3466A4}.Release|Any CPU.Build.0 = Release|Any CPU
	EndGlobalSection
	GlobalSection(SolutionProperties) = preSolution
		HideSolutionNode = FALSE
	EndGlobalSection
	GlobalSection(ExtensibilityGlobals) = postSolution
		SolutionGuid = {1268B4E2-B723-4525-AE3F-FD5C905FACE6}
	EndGlobalSection
EndGlobal
